
Microsoft Visual Studio Solution File, Format Version 12.00
# Visual Studio 15
VisualStudioVersion = 15.0.26730.12
MinimumVisualStudioVersion = 10.0.40219.1
Project("{FAE04EC0-301F-11D3-BF4B-00C04F79EFBC}") = "Practica_2.Android", "Practica 2\Practica_2.Android\Practica_2.Android.csproj", "{5774231C-EE11-4ECA-B0E0-2DC6C39BB843}"
EndProject
Project("{FAE04EC0-301F-11D3-BF4B-00C04F79EFBC}") = "Practica_2", "Practica 2\Practica_2\Practica_2.csproj", "{E3CBD4A6-23A5-4845-A298-9F6DA061BE76}"
EndProject
Project("{FAE04EC0-301F-11D3-BF4B-00C04F79EFBC}") = "Practica_2.UWP", "Practica 2\Practica_2.UWP\Practica_2.UWP.csproj", "{C2790636-EF4F-45DE-B726-2E1B91C00900}"
EndProject
Project("{FAE04EC0-301F-11D3-BF4B-00C04F79EFBC}") = "Practica_2.iOS", "Practica 2\Practica_2.iOS\Practica_2.iOS.csproj", "{63565056-0311-4EFB-A480-3003672597FE}"
EndProject
Global
	GlobalSection(SolutionConfigurationPlatforms) = preSolution
		Ad-Hoc|Any CPU = Ad-Hoc|Any CPU
		Ad-Hoc|ARM = Ad-Hoc|ARM
		Ad-Hoc|iPhone = Ad-Hoc|iPhone
		Ad-Hoc|iPhoneSimulator = Ad-Hoc|iPhoneSimulator
		Ad-Hoc|x64 = Ad-Hoc|x64
		Ad-Hoc|x86 = Ad-Hoc|x86
		AppStore|Any CPU = AppStore|Any CPU
		AppStore|ARM = AppStore|ARM
		AppStore|iPhone = AppStore|iPhone
		AppStore|iPhoneSimulator = AppStore|iPhoneSimulator
		AppStore|x64 = AppStore|x64
		AppStore|x86 = AppStore|x86
		Debug|Any CPU = Debug|Any CPU
		Debug|ARM = Debug|ARM
		Debug|iPhone = Debug|iPhone
		Debug|iPhoneSimulator = Debug|iPhoneSimulator
		Debug|x64 = Debug|x64
		Debug|x86 = Debug|x86
		Release|Any CPU = Release|Any CPU
		Release|ARM = Release|ARM
		Release|iPhone = Release|iPhone
		Release|iPhoneSimulator = Release|iPhoneSimulator
		Release|x64 = Release|x64
		Release|x86 = Release|x86
	EndGlobalSection
	GlobalSection(ProjectConfigurationPlatforms) = postSolution
		{5774231C-EE11-4ECA-B0E0-2DC6C39BB843}.Ad-Hoc|Any CPU.ActiveCfg = Release|Any CPU
		{5774231C-EE11-4ECA-B0E0-2DC6C39BB843}.Ad-Hoc|Any CPU.Build.0 = Release|Any CPU
		{5774231C-EE11-4ECA-B0E0-2DC6C39BB843}.Ad-Hoc|Any CPU.Deploy.0 = Release|Any CPU
		{5774231C-EE11-4ECA-B0E0-2DC6C39BB843}.Ad-Hoc|ARM.ActiveCfg = Release|Any CPU
		{5774231C-EE11-4ECA-B0E0-2DC6C39BB843}.Ad-Hoc|ARM.Build.0 = Release|Any CPU
		{5774231C-EE11-4ECA-B0E0-2DC6C39BB843}.Ad-Hoc|ARM.Deploy.0 = Release|Any CPU
		{5774231C-EE11-4ECA-B0E0-2DC6C39BB843}.Ad-Hoc|iPhone.ActiveCfg = Release|Any CPU
		{5774231C-EE11-4ECA-B0E0-2DC6C39BB843}.Ad-Hoc|iPhone.Build.0 = Release|Any CPU
		{5774231C-EE11-4ECA-B0E0-2DC6C39BB843}.Ad-Hoc|iPhone.Deploy.0 = Release|Any CPU
		{5774231C-EE11-4ECA-B0E0-2DC6C39BB843}.Ad-Hoc|iPhoneSimulator.ActiveCfg = Release|Any CPU
		{5774231C-EE11-4ECA-B0E0-2DC6C39BB843}.Ad-Hoc|iPhoneSimulator.Build.0 = Release|Any CPU
		{5774231C-EE11-4ECA-B0E0-2DC6C39BB843}.Ad-Hoc|iPhoneSimulator.Deploy.0 = Release|Any CPU
		{5774231C-EE11-4ECA-B0E0-2DC6C39BB843}.Ad-Hoc|x64.ActiveCfg = Release|Any CPU
		{5774231C-EE11-4ECA-B0E0-2DC6C39BB843}.Ad-Hoc|x64.Build.0 = Release|Any CPU
		{5774231C-EE11-4ECA-B0E0-2DC6C39BB843}.Ad-Hoc|x64.Deploy.0 = Release|Any CPU
		{5774231C-EE11-4ECA-B0E0-2DC6C39BB843}.Ad-Hoc|x86.ActiveCfg = Release|Any CPU
		{5774231C-EE11-4ECA-B0E0-2DC6C39BB843}.Ad-Hoc|x86.Build.0 = Release|Any CPU
		{5774231C-EE11-4ECA-B0E0-2DC6C39BB843}.Ad-Hoc|x86.Deploy.0 = Release|Any CPU
		{5774231C-EE11-4ECA-B0E0-2DC6C39BB843}.AppStore|Any CPU.ActiveCfg = Release|Any CPU
		{5774231C-EE11-4ECA-B0E0-2DC6C39BB843}.AppStore|Any CPU.Build.0 = Release|Any CPU
		{5774231C-EE11-4ECA-B0E0-2DC6C39BB843}.AppStore|Any CPU.Deploy.0 = Release|Any CPU
		{5774231C-EE11-4ECA-B0E0-2DC6C39BB843}.AppStore|ARM.ActiveCfg = Release|Any CPU
		{5774231C-EE11-4ECA-B0E0-2DC6C39BB843}.AppStore|ARM.Build.0 = Release|Any CPU
		{5774231C-EE11-4ECA-B0E0-2DC6C39BB843}.AppStore|ARM.Deploy.0 = Release|Any CPU
		{5774231C-EE11-4ECA-B0E0-2DC6C39BB843}.AppStore|iPhone.ActiveCfg = Release|Any CPU
		{5774231C-EE11-4ECA-B0E0-2DC6C39BB843}.AppStore|iPhone.Build.0 = Release|Any CPU
		{5774231C-EE11-4ECA-B0E0-2DC6C39BB843}.AppStore|iPhone.Deploy.0 = Release|Any CPU
		{5774231C-EE11-4ECA-B0E0-2DC6C39BB843}.AppStore|iPhoneSimulator.ActiveCfg = Release|Any CPU
		{5774231C-EE11-4ECA-B0E0-2DC6C39BB843}.AppStore|iPhoneSimulator.Build.0 = Release|Any CPU
		{5774231C-EE11-4ECA-B0E0-2DC6C39BB843}.AppStore|iPhoneSimulator.Deploy.0 = Release|Any CPU
		{5774231C-EE11-4ECA-B0E0-2DC6C39BB843}.AppStore|x64.ActiveCfg = Release|Any CPU
		{5774231C-EE11-4ECA-B0E0-2DC6C39BB843}.AppStore|x64.Build.0 = Release|Any CPU
		{5774231C-EE11-4ECA-B0E0-2DC6C39BB843}.AppStore|x64.Deploy.0 = Release|Any CPU
		{5774231C-EE11-4ECA-B0E0-2DC6C39BB843}.AppStore|x86.ActiveCfg = Release|Any CPU
		{5774231C-EE11-4ECA-B0E0-2DC6C39BB843}.AppStore|x86.Build.0 = Release|Any CPU
		{5774231C-EE11-4ECA-B0E0-2DC6C39BB843}.AppStore|x86.Deploy.0 = Release|Any CPU
		{5774231C-EE11-4ECA-B0E0-2DC6C39BB843}.Debug|Any CPU.ActiveCfg = Debug|Any CPU
		{5774231C-EE11-4ECA-B0E0-2DC6C39BB843}.Debug|Any CPU.Build.0 = Debug|Any CPU
		{5774231C-EE11-4ECA-B0E0-2DC6C39BB843}.Debug|Any CPU.Deploy.0 = Debug|Any CPU
		{5774231C-EE11-4ECA-B0E0-2DC6C39BB843}.Debug|ARM.ActiveCfg = Debug|Any CPU
		{5774231C-EE11-4ECA-B0E0-2DC6C39BB843}.Debug|ARM.Build.0 = Debug|Any CPU
		{5774231C-EE11-4ECA-B0E0-2DC6C39BB843}.Debug|ARM.Deploy.0 = Debug|Any CPU
		{5774231C-EE11-4ECA-B0E0-2DC6C39BB843}.Debug|iPhone.ActiveCfg = Debug|Any CPU
		{5774231C-EE11-4ECA-B0E0-2DC6C39BB843}.Debug|iPhone.Build.0 = Debug|Any CPU
		{5774231C-EE11-4ECA-B0E0-2DC6C39BB843}.Debug|iPhone.Deploy.0 = Debug|Any CPU
		{5774231C-EE11-4ECA-B0E0-2DC6C39BB843}.Debug|iPhoneSimulator.ActiveCfg = Debug|Any CPU
		{5774231C-EE11-4ECA-B0E0-2DC6C39BB843}.Debug|iPhoneSimulator.Build.0 = Debug|Any CPU
		{5774231C-EE11-4ECA-B0E0-2DC6C39BB843}.Debug|iPhoneSimulator.Deploy.0 = Debug|Any CPU
		{5774231C-EE11-4ECA-B0E0-2DC6C39BB843}.Debug|x64.ActiveCfg = Debug|Any CPU
		{5774231C-EE11-4ECA-B0E0-2DC6C39BB843}.Debug|x64.Build.0 = Debug|Any CPU
		{5774231C-EE11-4ECA-B0E0-2DC6C39BB843}.Debug|x64.Deploy.0 = Debug|Any CPU
		{5774231C-EE11-4ECA-B0E0-2DC6C39BB843}.Debug|x86.ActiveCfg = Debug|Any CPU
		{5774231C-EE11-4ECA-B0E0-2DC6C39BB843}.Debug|x86.Build.0 = Debug|Any CPU
		{5774231C-EE11-4ECA-B0E0-2DC6C39BB843}.Debug|x86.Deploy.0 = Debug|Any CPU
		{5774231C-EE11-4ECA-B0E0-2DC6C39BB843}.Release|Any CPU.ActiveCfg = Release|Any CPU
		{5774231C-EE11-4ECA-B0E0-2DC6C39BB843}.Release|Any CPU.Build.0 = Release|Any CPU
		{5774231C-EE11-4ECA-B0E0-2DC6C39BB843}.Release|Any CPU.Deploy.0 = Release|Any CPU
		{5774231C-EE11-4ECA-B0E0-2DC6C39BB843}.Release|ARM.ActiveCfg = Release|Any CPU
		{5774231C-EE11-4ECA-B0E0-2DC6C39BB843}.Release|ARM.Build.0 = Release|Any CPU
		{5774231C-EE11-4ECA-B0E0-2DC6C39BB843}.Release|ARM.Deploy.0 = Release|Any CPU
		{5774231C-EE11-4ECA-B0E0-2DC6C39BB843}.Release|iPhone.ActiveCfg = Release|Any CPU
		{5774231C-EE11-4ECA-B0E0-2DC6C39BB843}.Release|iPhone.Build.0 = Release|Any CPU
		{5774231C-EE11-4ECA-B0E0-2DC6C39BB843}.Release|iPhone.Deploy.0 = Release|Any CPU
		{5774231C-EE11-4ECA-B0E0-2DC6C39BB843}.Release|iPhoneSimulator.ActiveCfg = Release|Any CPU
		{5774231C-EE11-4ECA-B0E0-2DC6C39BB843}.Release|iPhoneSimulator.Build.0 = Release|Any CPU
		{5774231C-EE11-4ECA-B0E0-2DC6C39BB843}.Release|iPhoneSimulator.Deploy.0 = Release|Any CPU
		{5774231C-EE11-4ECA-B0E0-2DC6C39BB843}.Release|x64.ActiveCfg = Release|Any CPU
		{5774231C-EE11-4ECA-B0E0-2DC6C39BB843}.Release|x64.Build.0 = Release|Any CPU
		{5774231C-EE11-4ECA-B0E0-2DC6C39BB843}.Release|x64.Deploy.0 = Release|Any CPU
		{5774231C-EE11-4ECA-B0E0-2DC6C39BB843}.Release|x86.ActiveCfg = Release|Any CPU
		{5774231C-EE11-4ECA-B0E0-2DC6C39BB843}.Release|x86.Build.0 = Release|Any CPU
		{5774231C-EE11-4ECA-B0E0-2DC6C39BB843}.Release|x86.Deploy.0 = Release|Any CPU
		{E3CBD4A6-23A5-4845-A298-9F6DA061BE76}.Ad-Hoc|Any CPU.ActiveCfg = Release|Any CPU
		{E3CBD4A6-23A5-4845-A298-9F6DA061BE76}.Ad-Hoc|Any CPU.Build.0 = Release|Any CPU
		{E3CBD4A6-23A5-4845-A298-9F6DA061BE76}.Ad-Hoc|ARM.ActiveCfg = Release|Any CPU
		{E3CBD4A6-23A5-4845-A298-9F6DA061BE76}.Ad-Hoc|ARM.Build.0 = Release|Any CPU
		{E3CBD4A6-23A5-4845-A298-9F6DA061BE76}.Ad-Hoc|iPhone.ActiveCfg = Release|Any CPU
		{E3CBD4A6-23A5-4845-A298-9F6DA061BE76}.Ad-Hoc|iPhone.Build.0 = Release|Any CPU
		{E3CBD4A6-23A5-4845-A298-9F6DA061BE76}.Ad-Hoc|iPhoneSimulator.ActiveCfg = Release|Any CPU
		{E3CBD4A6-23A5-4845-A298-9F6DA061BE76}.Ad-Hoc|iPhoneSimulator.Build.0 = Release|Any CPU
		{E3CBD4A6-23A5-4845-A298-9F6DA061BE76}.Ad-Hoc|x64.ActiveCfg = Release|Any CPU
		{E3CBD4A6-23A5-4845-A298-9F6DA061BE76}.Ad-Hoc|x64.Build.0 = Release|Any CPU
		{E3CBD4A6-23A5-4845-A298-9F6DA061BE76}.Ad-Hoc|x86.ActiveCfg = Release|Any CPU
		{E3CBD4A6-23A5-4845-A298-9F6DA061BE76}.Ad-Hoc|x86.Build.0 = Release|Any CPU
		{E3CBD4A6-23A5-4845-A298-9F6DA061BE76}.AppStore|Any CPU.ActiveCfg = Release|Any CPU
		{E3CBD4A6-23A5-4845-A298-9F6DA061BE76}.AppStore|Any CPU.Build.0 = Release|Any CPU
		{E3CBD4A6-23A5-4845-A298-9F6DA061BE76}.AppStore|ARM.ActiveCfg = Release|Any CPU
		{E3CBD4A6-23A5-4845-A298-9F6DA061BE76}.AppStore|ARM.Build.0 = Release|Any CPU
		{E3CBD4A6-23A5-4845-A298-9F6DA061BE76}.AppStore|iPhone.ActiveCfg = Release|Any CPU
		{E3CBD4A6-23A5-4845-A298-9F6DA061BE76}.AppStore|iPhone.Build.0 = Release|Any CPU
		{E3CBD4A6-23A5-4845-A298-9F6DA061BE76}.AppStore|iPhoneSimulator.ActiveCfg = Release|Any CPU
		{E3CBD4A6-23A5-4845-A298-9F6DA061BE76}.AppStore|iPhoneSimulator.Build.0 = Release|Any CPU
		{E3CBD4A6-23A5-4845-A298-9F6DA061BE76}.AppStore|x64.ActiveCfg = Release|Any CPU
		{E3CBD4A6-23A5-4845-A298-9F6DA061BE76}.AppStore|x64.Build.0 = Release|Any CPU
		{E3CBD4A6-23A5-4845-A298-9F6DA061BE76}.AppStore|x86.ActiveCfg = Release|Any CPU
		{E3CBD4A6-23A5-4845-A298-9F6DA061BE76}.AppStore|x86.Build.0 = Release|Any CPU
		{E3CBD4A6-23A5-4845-A298-9F6DA061BE76}.Debug|Any CPU.ActiveCfg = Debug|Any CPU
		{E3CBD4A6-23A5-4845-A298-9F6DA061BE76}.Debug|Any CPU.Build.0 = Debug|Any CPU
		{E3CBD4A6-23A5-4845-A298-9F6DA061BE76}.Debug|ARM.ActiveCfg = Debug|Any CPU
		{E3CBD4A6-23A5-4845-A298-9F6DA061BE76}.Debug|ARM.Build.0 = Debug|Any CPU
		{E3CBD4A6-23A5-4845-A298-9F6DA061BE76}.Debug|iPhone.ActiveCfg = Debug|Any CPU
		{E3CBD4A6-23A5-4845-A298-9F6DA061BE76}.Debug|iPhone.Build.0 = Debug|Any CPU
		{E3CBD4A6-23A5-4845-A298-9F6DA061BE76}.Debug|iPhoneSimulator.ActiveCfg = Debug|Any CPU
		{E3CBD4A6-23A5-4845-A298-9F6DA061BE76}.Debug|iPhoneSimulator.Build.0 = Debug|Any CPU
		{E3CBD4A6-23A5-4845-A298-9F6DA061BE76}.Debug|x64.ActiveCfg = Debug|Any CPU
		{E3CBD4A6-23A5-4845-A298-9F6DA061BE76}.Debug|x64.Build.0 = Debug|Any CPU
		{E3CBD4A6-23A5-4845-A298-9F6DA061BE76}.Debug|x86.ActiveCfg = Debug|Any CPU
		{E3CBD4A6-23A5-4845-A298-9F6DA061BE76}.Debug|x86.Build.0 = Debug|Any CPU
		{E3CBD4A6-23A5-4845-A298-9F6DA061BE76}.Release|Any CPU.ActiveCfg = Release|Any CPU
		{E3CBD4A6-23A5-4845-A298-9F6DA061BE76}.Release|Any CPU.Build.0 = Release|Any CPU
		{E3CBD4A6-23A5-4845-A298-9F6DA061BE76}.Release|ARM.ActiveCfg = Release|Any CPU
		{E3CBD4A6-23A5-4845-A298-9F6DA061BE76}.Release|ARM.Build.0 = Release|Any CPU
		{E3CBD4A6-23A5-4845-A298-9F6DA061BE76}.Release|iPhone.ActiveCfg = Release|Any CPU
		{E3CBD4A6-23A5-4845-A298-9F6DA061BE76}.Release|iPhone.Build.0 = Release|Any CPU
		{E3CBD4A6-23A5-4845-A298-9F6DA061BE76}.Release|iPhoneSimulator.ActiveCfg = Release|Any CPU
		{E3CBD4A6-23A5-4845-A298-9F6DA061BE76}.Release|iPhoneSimulator.Build.0 = Release|Any CPU
		{E3CBD4A6-23A5-4845-A298-9F6DA061BE76}.Release|x64.ActiveCfg = Release|Any CPU
		{E3CBD4A6-23A5-4845-A298-9F6DA061BE76}.Release|x64.Build.0 = Release|Any CPU
		{E3CBD4A6-23A5-4845-A298-9F6DA061BE76}.Release|x86.ActiveCfg = Release|Any CPU
		{E3CBD4A6-23A5-4845-A298-9F6DA061BE76}.Release|x86.Build.0 = Release|Any CPU
		{C2790636-EF4F-45DE-B726-2E1B91C00900}.Ad-Hoc|Any CPU.ActiveCfg = Release|x86
		{C2790636-EF4F-45DE-B726-2E1B91C00900}.Ad-Hoc|Any CPU.Build.0 = Release|x86
		{C2790636-EF4F-45DE-B726-2E1B91C00900}.Ad-Hoc|Any CPU.Deploy.0 = Release|x86
		{C2790636-EF4F-45DE-B726-2E1B91C00900}.Ad-Hoc|ARM.ActiveCfg = Release|ARM
		{C2790636-EF4F-45DE-B726-2E1B91C00900}.Ad-Hoc|ARM.Build.0 = Release|ARM
		{C2790636-EF4F-45DE-B726-2E1B91C00900}.Ad-Hoc|ARM.Deploy.0 = Release|ARM
		{C2790636-EF4F-45DE-B726-2E1B91C00900}.Ad-Hoc|iPhone.ActiveCfg = Release|x86
		{C2790636-EF4F-45DE-B726-2E1B91C00900}.Ad-Hoc|iPhone.Build.0 = Release|x86
		{C2790636-EF4F-45DE-B726-2E1B91C00900}.Ad-Hoc|iPhone.Deploy.0 = Release|x86
		{C2790636-EF4F-45DE-B726-2E1B91C00900}.Ad-Hoc|iPhoneSimulator.ActiveCfg = Release|x86
		{C2790636-EF4F-45DE-B726-2E1B91C00900}.Ad-Hoc|iPhoneSimulator.Build.0 = Release|x86
		{C2790636-EF4F-45DE-B726-2E1B91C00900}.Ad-Hoc|iPhoneSimulator.Deploy.0 = Release|x86
		{C2790636-EF4F-45DE-B726-2E1B91C00900}.Ad-Hoc|x64.ActiveCfg = Release|x64
		{C2790636-EF4F-45DE-B726-2E1B91C00900}.Ad-Hoc|x64.Build.0 = Release|x64
		{C2790636-EF4F-45DE-B726-2E1B91C00900}.Ad-Hoc|x64.Deploy.0 = Release|x64
		{C2790636-EF4F-45DE-B726-2E1B91C00900}.Ad-Hoc|x86.ActiveCfg = Release|x86
		{C2790636-EF4F-45DE-B726-2E1B91C00900}.Ad-Hoc|x86.Build.0 = Release|x86
		{C2790636-EF4F-45DE-B726-2E1B91C00900}.Ad-Hoc|x86.Deploy.0 = Release|x86
		{C2790636-EF4F-45DE-B726-2E1B91C00900}.AppStore|Any CPU.ActiveCfg = Release|x86
		{C2790636-EF4F-45DE-B726-2E1B91C00900}.AppStore|Any CPU.Build.0 = Release|x86
		{C2790636-EF4F-45DE-B726-2E1B91C00900}.AppStore|Any CPU.Deploy.0 = Release|x86
		{C2790636-EF4F-45DE-B726-2E1B91C00900}.AppStore|ARM.ActiveCfg = Release|ARM
		{C2790636-EF4F-45DE-B726-2E1B91C00900}.AppStore|ARM.Build.0 = Release|ARM
		{C2790636-EF4F-45DE-B726-2E1B91C00900}.AppStore|ARM.Deploy.0 = Release|ARM
		{C2790636-EF4F-45DE-B726-2E1B91C00900}.AppStore|iPhone.ActiveCfg = Release|x86
		{C2790636-EF4F-45DE-B726-2E1B91C00900}.AppStore|iPhone.Build.0 = Release|x86
		{C2790636-EF4F-45DE-B726-2E1B91C00900}.AppStore|iPhone.Deploy.0 = Release|x86
		{C2790636-EF4F-45DE-B726-2E1B91C00900}.AppStore|iPhoneSimulator.ActiveCfg = Release|x86
		{C2790636-EF4F-45DE-B726-2E1B91C00900}.AppStore|iPhoneSimulator.Build.0 = Release|x86
		{C2790636-EF4F-45DE-B726-2E1B91C00900}.AppStore|iPhoneSimulator.Deploy.0 = Release|x86
		{C2790636-EF4F-45DE-B726-2E1B91C00900}.AppStore|x64.ActiveCfg = Release|x64
		{C2790636-EF4F-45DE-B726-2E1B91C00900}.AppStore|x64.Build.0 = Release|x64
		{C2790636-EF4F-45DE-B726-2E1B91C00900}.AppStore|x64.Deploy.0 = Release|x64
		{C2790636-EF4F-45DE-B726-2E1B91C00900}.AppStore|x86.ActiveCfg = Release|x86
		{C2790636-EF4F-45DE-B726-2E1B91C00900}.AppStore|x86.Build.0 = Release|x86
		{C2790636-EF4F-45DE-B726-2E1B91C00900}.AppStore|x86.Deploy.0 = Release|x86
		{C2790636-EF4F-45DE-B726-2E1B91C00900}.Debug|Any CPU.ActiveCfg = Debug|x86
		{C2790636-EF4F-45DE-B726-2E1B91C00900}.Debug|ARM.ActiveCfg = Debug|ARM
		{C2790636-EF4F-45DE-B726-2E1B91C00900}.Debug|ARM.Build.0 = Debug|ARM
		{C2790636-EF4F-45DE-B726-2E1B91C00900}.Debug|ARM.Deploy.0 = Debug|ARM
		{C2790636-EF4F-45DE-B726-2E1B91C00900}.Debug|iPhone.ActiveCfg = Debug|x86
		{C2790636-EF4F-45DE-B726-2E1B91C00900}.Debug|iPhoneSimulator.ActiveCfg = Debug|x86
		{C2790636-EF4F-45DE-B726-2E1B91C00900}.Debug|x64.ActiveCfg = Debug|x64
		{C2790636-EF4F-45DE-B726-2E1B91C00900}.Debug|x64.Build.0 = Debug|x64
		{C2790636-EF4F-45DE-B726-2E1B91C00900}.Debug|x64.Deploy.0 = Debug|x64
		{C2790636-EF4F-45DE-B726-2E1B91C00900}.Debug|x86.ActiveCfg = Debug|x86
		{C2790636-EF4F-45DE-B726-2E1B91C00900}.Debug|x86.Build.0 = Debug|x86
		{C2790636-EF4F-45DE-B726-2E1B91C00900}.Debug|x86.Deploy.0 = Debug|x86
		{C2790636-EF4F-45DE-B726-2E1B91C00900}.Release|Any CPU.ActiveCfg = Release|x86
		{C2790636-EF4F-45DE-B726-2E1B91C00900}.Release|ARM.ActiveCfg = Release|ARM
		{C2790636-EF4F-45DE-B726-2E1B91C00900}.Release|ARM.Build.0 = Release|ARM
		{C2790636-EF4F-45DE-B726-2E1B91C00900}.Release|ARM.Deploy.0 = Release|ARM
		{C2790636-EF4F-45DE-B726-2E1B91C00900}.Release|iPhone.ActiveCfg = Release|x86
		{C2790636-EF4F-45DE-B726-2E1B91C00900}.Release|iPhoneSimulator.ActiveCfg = Release|x86
		{C2790636-EF4F-45DE-B726-2E1B91C00900}.Release|x64.ActiveCfg = Release|x64
		{C2790636-EF4F-45DE-B726-2E1B91C00900}.Release|x64.Build.0 = Release|x64
		{C2790636-EF4F-45DE-B726-2E1B91C00900}.Release|x64.Deploy.0 = Release|x64
		{C2790636-EF4F-45DE-B726-2E1B91C00900}.Release|x86.ActiveCfg = Release|x86
		{C2790636-EF4F-45DE-B726-2E1B91C00900}.Release|x86.Build.0 = Release|x86
		{C2790636-EF4F-45DE-B726-2E1B91C00900}.Release|x86.Deploy.0 = Release|x86
		{63565056-0311-4EFB-A480-3003672597FE}.Ad-Hoc|Any CPU.ActiveCfg = Ad-Hoc|iPhone
		{63565056-0311-4EFB-A480-3003672597FE}.Ad-Hoc|ARM.ActiveCfg = Ad-Hoc|iPhone
		{63565056-0311-4EFB-A480-3003672597FE}.Ad-Hoc|iPhone.ActiveCfg = Ad-Hoc|iPhone
		{63565056-0311-4EFB-A480-3003672597FE}.Ad-Hoc|iPhone.Build.0 = Ad-Hoc|iPhone
		{63565056-0311-4EFB-A480-3003672597FE}.Ad-Hoc|iPhoneSimulator.ActiveCfg = Ad-Hoc|iPhoneSimulator
		{63565056-0311-4EFB-A480-3003672597FE}.Ad-Hoc|iPhoneSimulator.Build.0 = Ad-Hoc|iPhoneSimulator
		{63565056-0311-4EFB-A480-3003672597FE}.Ad-Hoc|x64.ActiveCfg = Ad-Hoc|iPhone
		{63565056-0311-4EFB-A480-3003672597FE}.Ad-Hoc|x86.ActiveCfg = Ad-Hoc|iPhone
		{63565056-0311-4EFB-A480-3003672597FE}.AppStore|Any CPU.ActiveCfg = AppStore|iPhone
		{63565056-0311-4EFB-A480-3003672597FE}.AppStore|ARM.ActiveCfg = AppStore|iPhone
		{63565056-0311-4EFB-A480-3003672597FE}.AppStore|iPhone.ActiveCfg = AppStore|iPhone
		{63565056-0311-4EFB-A480-3003672597FE}.AppStore|iPhone.Build.0 = AppStore|iPhone
		{63565056-0311-4EFB-A480-3003672597FE}.AppStore|iPhoneSimulator.ActiveCfg = AppStore|iPhoneSimulator
		{63565056-0311-4EFB-A480-3003672597FE}.AppStore|iPhoneSimulator.Build.0 = AppStore|iPhoneSimulator
		{63565056-0311-4EFB-A480-3003672597FE}.AppStore|x64.ActiveCfg = AppStore|iPhone
		{63565056-0311-4EFB-A480-3003672597FE}.AppStore|x86.ActiveCfg = AppStore|iPhone
		{63565056-0311-4EFB-A480-3003672597FE}.Debug|Any CPU.ActiveCfg = Debug|iPhone
		{63565056-0311-4EFB-A480-3003672597FE}.Debug|ARM.ActiveCfg = Debug|iPhone
		{63565056-0311-4EFB-A480-3003672597FE}.Debug|iPhone.ActiveCfg = Debug|iPhone
		{63565056-0311-4EFB-A480-3003672597FE}.Debug|iPhone.Build.0 = Debug|iPhone
		{63565056-0311-4EFB-A480-3003672597FE}.Debug|iPhoneSimulator.ActiveCfg = Debug|iPhoneSimulator
		{63565056-0311-4EFB-A480-3003672597FE}.Debug|iPhoneSimulator.Build.0 = Debug|iPhoneSimulator
		{63565056-0311-4EFB-A480-3003672597FE}.Debug|x64.ActiveCfg = Debug|iPhone
		{63565056-0311-4EFB-A480-3003672597FE}.Debug|x86.ActiveCfg = Debug|iPhone
		{63565056-0311-4EFB-A480-3003672597FE}.Release|Any CPU.ActiveCfg = Release|iPhone
		{63565056-0311-4EFB-A480-3003672597FE}.Release|ARM.ActiveCfg = Release|iPhone
		{63565056-0311-4EFB-A480-3003672597FE}.Release|iPhone.ActiveCfg = Release|iPhone
		{63565056-0311-4EFB-A480-3003672597FE}.Release|iPhone.Build.0 = Release|iPhone
		{63565056-0311-4EFB-A480-3003672597FE}.Release|iPhoneSimulator.ActiveCfg = Release|iPhoneSimulator
		{63565056-0311-4EFB-A480-3003672597FE}.Release|iPhoneSimulator.Build.0 = Release|iPhoneSimulator
		{63565056-0311-4EFB-A480-3003672597FE}.Release|x64.ActiveCfg = Release|iPhone
		{63565056-0311-4EFB-A480-3003672597FE}.Release|x86.ActiveCfg = Release|iPhone
	EndGlobalSection
	GlobalSection(SolutionProperties) = preSolution
		HideSolutionNode = FALSE
	EndGlobalSection
	GlobalSection(ExtensibilityGlobals) = postSolution
		SolutionGuid = {2C360C1B-E534-48C5-993A-C862346CA830}
	EndGlobalSection
EndGlobal
